
Microsoft Visual Studio Solution File, Format Version 12.00
# Visual Studio Version 17
VisualStudioVersion = 17.10.35013.160
MinimumVisualStudioVersion = 10.0.40219.1
Project("{FAE04EC0-301F-11D3-BF4B-00C04F79EFBC}") = "BitcoinBlockSolution", "BitcoinBlockSolution\BitcoinBlockSolution.csproj", "{FF92CE11-14B7-4881-9D1E-61D70DDC6B0B}"
EndProject
Project("{FAE04EC0-301F-11D3-BF4B-00C04F79EFBC}") = "BitcoinBlockSolution.Core", "BitcoinBlockSolution.Core\BitcoinBlockSolution.Core.csproj", "{F3A2B623-1425-4F53-921F-DE59F6BE3EC6}"
EndProject
Project("{FAE04EC0-301F-11D3-BF4B-00C04F79EFBC}") = "BitcoinBlockSolution.Domain", "BitcoinBlockSolution.Domain\BitcoinBlockSolution.Domain.csproj", "{7B8927E3-70E0-4ED2-8502-0ADF90D47E96}"
EndProject
Global
	GlobalSection(SolutionConfigurationPlatforms) = preSolution
		Debug|Any CPU = Debug|Any CPU
		Release|Any CPU = Release|Any CPU
	EndGlobalSection
	GlobalSection(ProjectConfigurationPlatforms) = postSolution
		{FF92CE11-14B7-4881-9D1E-61D70DDC6B0B}.Debug|Any CPU.ActiveCfg = Debug|Any CPU
		{FF92CE11-14B7-4881-9D1E-61D70DDC6B0B}.Debug|Any CPU.Build.0 = Debug|Any CPU
		{FF92CE11-14B7-4881-9D1E-61D70DDC6B0B}.Release|Any CPU.ActiveCfg = Release|Any CPU
		{FF92CE11-14B7-4881-9D1E-61D70DDC6B0B}.Release|Any CPU.Build.0 = Release|Any CPU
		{F3A2B623-1425-4F53-921F-DE59F6BE3EC6}.Debug|Any CPU.ActiveCfg = Debug|Any CPU
		{F3A2B623-1425-4F53-921F-DE59F6BE3EC6}.Debug|Any CPU.Build.0 = Debug|Any CPU
		{F3A2B623-1425-4F53-921F-DE59F6BE3EC6}.Release|Any CPU.ActiveCfg = Release|Any CPU
		{F3A2B623-1425-4F53-921F-DE59F6BE3EC6}.Release|Any CPU.Build.0 = Release|Any CPU
		{7B8927E3-70E0-4ED2-8502-0ADF90D47E96}.Debug|Any CPU.ActiveCfg = Debug|Any CPU
		{7B8927E3-70E0-4ED2-8502-0ADF90D47E96}.Debug|Any CPU.Build.0 = Debug|Any CPU
		{7B8927E3-70E0-4ED2-8502-0ADF90D47E96}.Release|Any CPU.ActiveCfg = Release|Any CPU
		{7B8927E3-70E0-4ED2-8502-0ADF90D47E96}.Release|Any CPU.Build.0 = Release|Any CPU
	EndGlobalSection
	GlobalSection(SolutionProperties) = preSolution
		HideSolutionNode = FALSE
	EndGlobalSection
	GlobalSection(ExtensibilityGlobals) = postSolution
		SolutionGuid = {D10BC9FB-C9CA-4035-94B3-DD1334BD44CB}
	EndGlobalSection
EndGlobal
